// !$*UTF8*$!
{
	archiveVersion = 1;
	classes = {
	};
	objectVersion = 46;
	objects = {

/* Begin PBXBuildFile section */
		F82418DD1BEBD8D9001D03A9 /* data.swift in Sources */ = {isa = PBXBuildFile; fileRef = F82418DC1BEBD8D9001D03A9 /* data.swift */; };
		F879CD4E1CC7CED200FBB215 /* ingredients.txt in Resources */ = {isa = PBXBuildFile; fileRef = F879CD4D1CC7CED200FBB215 /* ingredients.txt */; };
		F8928D7C1C035CED005E120E /* ingredientsPageViewController.swift in Sources */ = {isa = PBXBuildFile; fileRef = F8928D7B1C035CED005E120E /* ingredientsPageViewController.swift */; };
		F8928D7E1C035E9F005E120E /* vwTblCell.xib in Resources */ = {isa = PBXBuildFile; fileRef = F8928D7D1C035E9F005E120E /* vwTblCell.xib */; };
		F8928D801C035EEA005E120E /* TblCell.swift in Sources */ = {isa = PBXBuildFile; fileRef = F8928D7F1C035EEA005E120E /* TblCell.swift */; };
		F8928D821C037987005E120E /* matchesPageViewController.swift in Sources */ = {isa = PBXBuildFile; fileRef = F8928D811C037987005E120E /* matchesPageViewController.swift */; };
		F8928D841C0649B1005E120E /* vwTblCellForMatches.xib in Resources */ = {isa = PBXBuildFile; fileRef = F8928D831C0649B1005E120E /* vwTblCellForMatches.xib */; };
		F8928D8A1C064B6C005E120E /* TblCellForMatches.swift in Sources */ = {isa = PBXBuildFile; fileRef = F8928D891C064B6C005E120E /* TblCellForMatches.swift */; };
		F8D6AEAC1BDEA9F600FF7165 /* AppDelegate.swift in Sources */ = {isa = PBXBuildFile; fileRef = F8D6AEAB1BDEA9F600FF7165 /* AppDelegate.swift */; };
		F8D6AEAE1BDEA9F600FF7165 /* ViewController.swift in Sources */ = {isa = PBXBuildFile; fileRef = F8D6AEAD1BDEA9F600FF7165 /* ViewController.swift */; };
		F8D6AEB11BDEA9F600FF7165 /* Main.storyboard in Resources */ = {isa = PBXBuildFile; fileRef = F8D6AEAF1BDEA9F600FF7165 /* Main.storyboard */; };
		F8D6AEB31BDEA9F600FF7165 /* Assets.xcassets in Resources */ = {isa = PBXBuildFile; fileRef = F8D6AEB21BDEA9F600FF7165 /* Assets.xcassets */; };
		F8D6AEB61BDEA9F600FF7165 /* LaunchScreen.storyboard in Resources */ = {isa = PBXBuildFile; fileRef = F8D6AEB41BDEA9F600FF7165 /* LaunchScreen.storyboard */; };
		F8D6AEC11BDEA9F600FF7165 /* recipeApplicationTests.swift in Sources */ = {isa = PBXBuildFile; fileRef = F8D6AEC01BDEA9F600FF7165 /* recipeApplicationTests.swift */; };
		F8D6AECC1BDEA9F600FF7165 /* recipeApplicationUITests.swift in Sources */ = {isa = PBXBuildFile; fileRef = F8D6AECB1BDEA9F600FF7165 /* recipeApplicationUITests.swift */; };
		F8D6AEDC1BDEAB1000FF7165 /* recipeItems.swift in Sources */ = {isa = PBXBuildFile; fileRef = F8D6AEDA1BDEAB1000FF7165 /* recipeItems.swift */; };
		F8D6AEDE1BDEAB3600FF7165 /* checkBox.swift in Sources */ = {isa = PBXBuildFile; fileRef = F8D6AEDD1BDEAB3600FF7165 /* checkBox.swift */; };
		F8F392C31C18D736009D63B9 /* recipesPageViewController.swift in Sources */ = {isa = PBXBuildFile; fileRef = F8F392C21C18D736009D63B9 /* recipesPageViewController.swift */; };
/* End PBXBuildFile section */

/* Begin PBXContainerItemProxy section */
		F8D6AEBD1BDEA9F600FF7165 /* PBXContainerItemProxy */ = {
			isa = PBXContainerItemProxy;
			containerPortal = F8D6AEA01BDEA9F600FF7165 /* Project object */;
			proxyType = 1;
			remoteGlobalIDString = F8D6AEA71BDEA9F600FF7165;
			remoteInfo = recipeApplication;
		};
		F8D6AEC81BDEA9F600FF7165 /* PBXContainerItemProxy */ = {
			isa = PBXContainerItemProxy;
			containerPortal = F8D6AEA01BDEA9F600FF7165 /* Project object */;
			proxyType = 1;
			remoteGlobalIDString = F8D6AEA71BDEA9F600FF7165;
			remoteInfo = recipeApplication;
		};
/* End PBXContainerItemProxy section */

/* Begin PBXFileReference section */
		F82418DC1BEBD8D9001D03A9 /* data.swift */ = {isa = PBXFileReference; fileEncoding = 4; lastKnownFileType = sourcecode.swift; path = data.swift; sourceTree = "<group>"; };
		F879CD4D1CC7CED200FBB215 /* ingredients.txt */ = {isa = PBXFileReference; fileEncoding = 4; lastKnownFileType = text; path = ingredients.txt; sourceTree = SOURCE_ROOT; };
		F8928D7B1C035CED005E120E /* ingredientsPageViewController.swift */ = {isa = PBXFileReference; fileEncoding = 4; lastKnownFileType = sourcecode.swift; path = ingredientsPageViewController.swift; sourceTree = "<group>"; };
		F8928D7D1C035E9F005E120E /* vwTblCell.xib */ = {isa = PBXFileReference; fileEncoding = 4; lastKnownFileType = file.xib; path = vwTblCell.xib; sourceTree = "<group>"; };
		F8928D7F1C035EEA005E120E /* TblCell.swift */ = {isa = PBXFileReference; fileEncoding = 4; lastKnownFileType = sourcecode.swift; path = TblCell.swift; sourceTree = "<group>"; };
		F8928D811C037987005E120E /* matchesPageViewController.swift */ = {isa = PBXFileReference; fileEncoding = 4; lastKnownFileType = sourcecode.swift; path = matchesPageViewController.swift; sourceTree = "<group>"; };
		F8928D831C0649B1005E120E /* vwTblCellForMatches.xib */ = {isa = PBXFileReference; fileEncoding = 4; lastKnownFileType = file.xib; path = vwTblCellForMatches.xib; sourceTree = "<group>"; };
		F8928D891C064B6C005E120E /* TblCellForMatches.swift */ = {isa = PBXFileReference; fileEncoding = 4; lastKnownFileType = sourcecode.swift; path = TblCellForMatches.swift; sourceTree = "<group>"; };
		F8D6AEA81BDEA9F600FF7165 /* recipeApplication.app */ = {isa = PBXFileReference; explicitFileType = wrapper.application; includeInIndex = 0; path = recipeApplication.app; sourceTree = BUILT_PRODUCTS_DIR; };
		F8D6AEAB1BDEA9F600FF7165 /* AppDelegate.swift */ = {isa = PBXFileReference; lastKnownFileType = sourcecode.swift; path = AppDelegate.swift; sourceTree = "<group>"; };
		F8D6AEAD1BDEA9F600FF7165 /* ViewController.swift */ = {isa = PBXFileReference; lastKnownFileType = sourcecode.swift; path = ViewController.swift; sourceTree = "<group>"; };
		F8D6AEB01BDEA9F600FF7165 /* Base */ = {isa = PBXFileReference; lastKnownFileType = file.storyboard; name = Base; path = Base.lproj/Main.storyboard; sourceTree = "<group>"; };
		F8D6AEB21BDEA9F600FF7165 /* Assets.xcassets */ = {isa = PBXFileReference; lastKnownFileType = folder.assetcatalog; path = Assets.xcassets; sourceTree = "<group>"; };
		F8D6AEB51BDEA9F600FF7165 /* Base */ = {isa = PBXFileReference; lastKnownFileType = file.storyboard; name = Base; path = Base.lproj/LaunchScreen.storyboard; sourceTree = "<group>"; };
		F8D6AEB71BDEA9F600FF7165 /* Info.plist */ = {isa = PBXFileReference; lastKnownFileType = text.plist.xml; path = Info.plist; sourceTree = "<group>"; };
		F8D6AEBC1BDEA9F600FF7165 /* recipeApplicationTests.xctest */ = {isa = PBXFileReference; explicitFileType = wrapper.cfbundle; includeInIndex = 0; path = recipeApplicationTests.xctest; sourceTree = BUILT_PRODUCTS_DIR; };
		F8D6AEC01BDEA9F600FF7165 /* recipeApplicationTests.swift */ = {isa = PBXFileReference; lastKnownFileType = sourcecode.swift; path = recipeApplicationTests.swift; sourceTree = "<group>"; };
		F8D6AEC21BDEA9F600FF7165 /* Info.plist */ = {isa = PBXFileReference; lastKnownFileType = text.plist.xml; path = Info.plist; sourceTree = "<group>"; };
		F8D6AEC71BDEA9F600FF7165 /* recipeApplicationUITests.xctest */ = {isa = PBXFileReference; explicitFileType = wrapper.cfbundle; includeInIndex = 0; path = recipeApplicationUITests.xctest; sourceTree = BUILT_PRODUCTS_DIR; };
		F8D6AECB1BDEA9F600FF7165 /* recipeApplicationUITests.swift */ = {isa = PBXFileReference; lastKnownFileType = sourcecode.swift; path = recipeApplicationUITests.swift; sourceTree = "<group>"; };
		F8D6AECD1BDEA9F600FF7165 /* Info.plist */ = {isa = PBXFileReference; lastKnownFileType = text.plist.xml; path = Info.plist; sourceTree = "<group>"; };
		F8D6AEDA1BDEAB1000FF7165 /* recipeItems.swift */ = {isa = PBXFileReference; fileEncoding = 4; lastKnownFileType = sourcecode.swift; path = recipeItems.swift; sourceTree = "<group>"; };
		F8D6AEDD1BDEAB3600FF7165 /* checkBox.swift */ = {isa = PBXFileReference; fileEncoding = 4; lastKnownFileType = sourcecode.swift; path = checkBox.swift; sourceTree = "<group>"; };
		F8F392C21C18D736009D63B9 /* recipesPageViewController.swift */ = {isa = PBXFileReference; fileEncoding = 4; lastKnownFileType = sourcecode.swift; path = recipesPageViewController.swift; sourceTree = "<group>"; };
/* End PBXFileReference section */

/* Begin PBXFrameworksBuildPhase section */
		F8D6AEA51BDEA9F600FF7165 /* Frameworks */ = {
			isa = PBXFrameworksBuildPhase;
			buildActionMask = 2147483647;
			files = (
			);
			runOnlyForDeploymentPostprocessing = 0;
		};
		F8D6AEB91BDEA9F600FF7165 /* Frameworks */ = {
			isa = PBXFrameworksBuildPhase;
			buildActionMask = 2147483647;
			files = (
			);
			runOnlyForDeploymentPostprocessing = 0;
		};
		F8D6AEC41BDEA9F600FF7165 /* Frameworks */ = {
			isa = PBXFrameworksBuildPhase;
			buildActionMask = 2147483647;
			files = (
			);
			runOnlyForDeploymentPostprocessing = 0;
		};
/* End PBXFrameworksBuildPhase section */

/* Begin PBXGroup section */
		F8928D851C064AC3005E120E /* New Group */ = {
			isa = PBXGroup;
			children = (
				F8D6AEAD1BDEA9F600FF7165 /* ViewController.swift */,
				F8928D7B1C035CED005E120E /* ingredientsPageViewController.swift */,
				F8928D811C037987005E120E /* matchesPageViewController.swift */,
				F8F392C21C18D736009D63B9 /* recipesPageViewController.swift */,
			);
			name = "New Group";
			sourceTree = "<group>";
		};
		F8928D861C064ADB005E120E /* datas */ = {
			isa = PBXGroup;
			children = (
				F8D6AEDA1BDEAB1000FF7165 /* recipeItems.swift */,
				F82418DC1BEBD8D9001D03A9 /* data.swift */,
			);
			name = datas;
			sourceTree = "<group>";
		};
		F8928D871C064AF1005E120E /* Visual */ = {
			isa = PBXGroup;
			children = (
				F8928D7D1C035E9F005E120E /* vwTblCell.xib */,
				F8928D831C0649B1005E120E /* vwTblCellForMatches.xib */,
				F8D6AEAF1BDEA9F600FF7165 /* Main.storyboard */,
				F8D6AEB41BDEA9F600FF7165 /* LaunchScreen.storyboard */,
			);
			name = Visual;
			sourceTree = "<group>";
		};
		F8928D881C064B10005E120E /* extraClasses */ = {
			isa = PBXGroup;
			children = (
				F8D6AEDD1BDEAB3600FF7165 /* checkBox.swift */,
				F8928D891C064B6C005E120E /* TblCellForMatches.swift */,
				F8928D7F1C035EEA005E120E /* TblCell.swift */,
			);
			name = extraClasses;
			sourceTree = "<group>";
		};
		F8D6AE9F1BDEA9F600FF7165 = {
			isa = PBXGroup;
			children = (
				F8D6AEAA1BDEA9F600FF7165 /* recipeApplication */,
				F8D6AEBF1BDEA9F600FF7165 /* recipeApplicationTests */,
				F8D6AECA1BDEA9F600FF7165 /* recipeApplicationUITests */,
				F8D6AEA91BDEA9F600FF7165 /* Products */,
			);
			sourceTree = "<group>";
		};
		F8D6AEA91BDEA9F600FF7165 /* Products */ = {
			isa = PBXGroup;
			children = (
				F8D6AEA81BDEA9F600FF7165 /* recipeApplication.app */,
				F8D6AEBC1BDEA9F600FF7165 /* recipeApplicationTests.xctest */,
				F8D6AEC71BDEA9F600FF7165 /* recipeApplicationUITests.xctest */,
			);
			name = Products;
			sourceTree = "<group>";
		};
		F8D6AEAA1BDEA9F600FF7165 /* recipeApplication */ = {
			isa = PBXGroup;
			children = (
				F8D6AEAB1BDEA9F600FF7165 /* AppDelegate.swift */,
				F879CD4D1CC7CED200FBB215 /* ingredients.txt */,
				F8928D871C064AF1005E120E /* Visual */,
				F8928D851C064AC3005E120E /* New Group */,
				F8928D861C064ADB005E120E /* datas */,
				F8928D881C064B10005E120E /* extraClasses */,
				F8D6AEB21BDEA9F600FF7165 /* Assets.xcassets */,
				F8D6AEB71BDEA9F600FF7165 /* Info.plist */,
			);
			path = recipeApplication;
			sourceTree = "<group>";
		};
		F8D6AEBF1BDEA9F600FF7165 /* recipeApplicationTests */ = {
			isa = PBXGroup;
			children = (
				F8D6AEC01BDEA9F600FF7165 /* recipeApplicationTests.swift */,
				F8D6AEC21BDEA9F600FF7165 /* Info.plist */,
			);
			path = recipeApplicationTests;
			sourceTree = "<group>";
		};
		F8D6AECA1BDEA9F600FF7165 /* recipeApplicationUITests */ = {
			isa = PBXGroup;
			children = (
				F8D6AECB1BDEA9F600FF7165 /* recipeApplicationUITests.swift */,
				F8D6AECD1BDEA9F600FF7165 /* Info.plist */,
			);
			path = recipeApplicationUITests;
			sourceTree = "<group>";
		};
/* End PBXGroup section */

/* Begin PBXNativeTarget section */
		F8D6AEA71BDEA9F600FF7165 /* recipeApplication */ = {
			isa = PBXNativeTarget;
			buildConfigurationList = F8D6AED01BDEA9F600FF7165 /* Build configuration list for PBXNativeTarget "recipeApplication" */;
			buildPhases = (
				F8D6AEA41BDEA9F600FF7165 /* Sources */,
				F8D6AEA51BDEA9F600FF7165 /* Frameworks */,
				F8D6AEA61BDEA9F600FF7165 /* Resources */,
			);
			buildRules = (
			);
			dependencies = (
			);
			name = recipeApplication;
			productName = recipeApplication;
			productReference = F8D6AEA81BDEA9F600FF7165 /* recipeApplication.app */;
			productType = "com.apple.product-type.application";
		};
		F8D6AEBB1BDEA9F600FF7165 /* recipeApplicationTests */ = {
			isa = PBXNativeTarget;
			buildConfigurationList = F8D6AED31BDEA9F600FF7165 /* Build configuration list for PBXNativeTarget "recipeApplicationTests" */;
			buildPhases = (
				F8D6AEB81BDEA9F600FF7165 /* Sources */,
				F8D6AEB91BDEA9F600FF7165 /* Frameworks */,
				F8D6AEBA1BDEA9F600FF7165 /* Resources */,
			);
			buildRules = (
			);
			dependencies = (
				F8D6AEBE1BDEA9F600FF7165 /* PBXTargetDependency */,
			);
			name = recipeApplicationTests;
			productName = recipeApplicationTests;
			productReference = F8D6AEBC1BDEA9F600FF7165 /* recipeApplicationTests.xctest */;
			productType = "com.apple.product-type.bundle.unit-test";
		};
		F8D6AEC61BDEA9F600FF7165 /* recipeApplicationUITests */ = {
			isa = PBXNativeTarget;
			buildConfigurationList = F8D6AED61BDEA9F600FF7165 /* Build configuration list for PBXNativeTarget "recipeApplicationUITests" */;
			buildPhases = (
				F8D6AEC31BDEA9F600FF7165 /* Sources */,
				F8D6AEC41BDEA9F600FF7165 /* Frameworks */,
				F8D6AEC51BDEA9F600FF7165 /* Resources */,
			);
			buildRules = (
			);
			dependencies = (
				F8D6AEC91BDEA9F600FF7165 /* PBXTargetDependency */,
			);
			name = recipeApplicationUITests;
			productName = recipeApplicationUITests;
			productReference = F8D6AEC71BDEA9F600FF7165 /* recipeApplicationUITests.xctest */;
			productType = "com.apple.product-type.bundle.ui-testing";
		};
/* End PBXNativeTarget section */

/* Begin PBXProject section */
		F8D6AEA01BDEA9F600FF7165 /* Project object */ = {
			isa = PBXProject;
			attributes = {
				KnownAssetTags = (
					itemTuna,
				);
				LastSwiftUpdateCheck = 0710;
				LastUpgradeCheck = 0710;
				ORGANIZATIONNAME = "Mustafa Bedir Tapkan";
				TargetAttributes = {
					F8D6AEA71BDEA9F600FF7165 = {
						CreatedOnToolsVersion = 7.1;
						DevelopmentTeam = BX9LLBUEW7;
					};
					F8D6AEBB1BDEA9F600FF7165 = {
						CreatedOnToolsVersion = 7.1;
						TestTargetID = F8D6AEA71BDEA9F600FF7165;
					};
					F8D6AEC61BDEA9F600FF7165 = {
						CreatedOnToolsVersion = 7.1;
						TestTargetID = F8D6AEA71BDEA9F600FF7165;
					};
				};
			};
			buildConfigurationList = F8D6AEA31BDEA9F600FF7165 /* Build configuration list for PBXProject "recipeApplication" */;
			compatibilityVersion = "Xcode 3.2";
			developmentRegion = English;
			hasScannedForEncodings = 0;
			knownRegions = (
				en,
				Base,
			);
			mainGroup = F8D6AE9F1BDEA9F600FF7165;
			productRefGroup = F8D6AEA91BDEA9F600FF7165 /* Products */;
			projectDirPath = "";
			projectRoot = "";
			targets = (
				F8D6AEA71BDEA9F600FF7165 /* recipeApplication */,
				F8D6AEBB1BDEA9F600FF7165 /* recipeApplicationTests */,
				F8D6AEC61BDEA9F600FF7165 /* recipeApplicationUITests */,
			);
		};
/* End PBXProject section */

/* Begin PBXResourcesBuildPhase section */
		F8D6AEA61BDEA9F600FF7165 /* Resources */ = {
			isa = PBXResourcesBuildPhase;
			buildActionMask = 2147483647;
			files = (
				F8D6AEB61BDEA9F600FF7165 /* LaunchScreen.storyboard in Resources */,
				F8928D7E1C035E9F005E120E /* vwTblCell.xib in Resources */,
				F8D6AEB31BDEA9F600FF7165 /* Assets.xcassets in Resources */,
				F879CD4E1CC7CED200FBB215 /* ingredients.txt in Resources */,
				F8928D841C0649B1005E120E /* vwTblCellForMatches.xib in Resources */,
				F8D6AEB11BDEA9F600FF7165 /* Main.storyboard in Resources */,
			);
			runOnlyForDeploymentPostprocessing = 0;
		};
		F8D6AEBA1BDEA9F600FF7165 /* Resources */ = {
			isa = PBXResourcesBuildPhase;
			buildActionMask = 2147483647;
			files = (
			);
			runOnlyForDeploymentPostprocessing = 0;
		};
		F8D6AEC51BDEA9F600FF7165 /* Resources */ = {
			isa = PBXResourcesBuildPhase;
			buildActionMask = 2147483647;
			files = (
			);
			runOnlyForDeploymentPostprocessing = 0;
		};
/* End PBXResourcesBuildPhase section */

/* Begin PBXSourcesBuildPhase section */
		F8D6AEA41BDEA9F600FF7165 /* Sources */ = {
			isa = PBXSourcesBuildPhase;
			buildActionMask = 2147483647;
			files = (
				F8D6AEDE1BDEAB3600FF7165 /* checkBox.swift in Sources */,
				F82418DD1BEBD8D9001D03A9 /* data.swift in Sources */,
				F8D6AEAE1BDEA9F600FF7165 /* ViewController.swift in Sources */,
				F8928D821C037987005E120E /* matchesPageViewController.swift in Sources */,
				F8928D8A1C064B6C005E120E /* TblCellForMatches.swift in Sources */,
				F8D6AEDC1BDEAB1000FF7165 /* recipeItems.swift in Sources */,
				F8928D801C035EEA005E120E /* TblCell.swift in Sources */,
				F8D6AEAC1BDEA9F600FF7165 /* AppDelegate.swift in Sources */,
				F8928D7C1C035CED005E120E /* ingredientsPageViewController.swift in Sources */,
				F8F392C31C18D736009D63B9 /* recipesPageViewController.swift in Sources */,
			);
			runOnlyForDeploymentPostprocessing = 0;
		};
		F8D6AEB81BDEA9F600FF7165 /* Sources */ = {
			isa = PBXSourcesBuildPhase;
			buildActionMask = 2147483647;
			files = (
				F8D6AEC11BDEA9F600FF7165 /* recipeApplicationTests.swift in Sources */,
			);
			runOnlyForDeploymentPostprocessing = 0;
		};
		F8D6AEC31BDEA9F600FF7165 /* Sources */ = {
			isa = PBXSourcesBuildPhase;
			buildActionMask = 2147483647;
			files = (
				F8D6AECC1BDEA9F600FF7165 /* recipeApplicationUITests.swift in Sources */,
			);
			runOnlyForDeploymentPostprocessing = 0;
		};
/* End PBXSourcesBuildPhase section */

/* Begin PBXTargetDependency section */
		F8D6AEBE1BDEA9F600FF7165 /* PBXTargetDependency */ = {
			isa = PBXTargetDependency;
			target = F8D6AEA71BDEA9F600FF7165 /* recipeApplication */;
			targetProxy = F8D6AEBD1BDEA9F600FF7165 /* PBXContainerItemProxy */;
		};
		F8D6AEC91BDEA9F600FF7165 /* PBXTargetDependency */ = {
			isa = PBXTargetDependency;
			target = F8D6AEA71BDEA9F600FF7165 /* recipeApplication */;
			targetProxy = F8D6AEC81BDEA9F600FF7165 /* PBXContainerItemProxy */;
		};
/* End PBXTargetDependency section */

/* Begin PBXVariantGroup section */
		F8D6AEAF1BDEA9F600FF7165 /* Main.storyboard */ = {
			isa = PBXVariantGroup;
			children = (
				F8D6AEB01BDEA9F600FF7165 /* Base */,
			);
			name = Main.storyboard;
			sourceTree = "<group>";
		};
		F8D6AEB41BDEA9F600FF7165 /* LaunchScreen.storyboard */ = {
			isa = PBXVariantGroup;
			children = (
				F8D6AEB51BDEA9F600FF7165 /* Base */,
			);
			name = LaunchScreen.storyboard;
			sourceTree = "<group>";
		};
/* End PBXVariantGroup section */

/* Begin XCBuildConfiguration section */
		F8D6AECE1BDEA9F600FF7165 /* Debug */ = {
			isa = XCBuildConfiguration;
			buildSettings = {
				ALWAYS_SEARCH_USER_PATHS = NO;
				CLANG_CXX_LANGUAGE_STANDARD = "gnu++0x";
				CLANG_CXX_LIBRARY = "libc++";
				CLANG_ENABLE_MODULES = YES;
				CLANG_ENABLE_OBJC_ARC = YES;
				CLANG_WARN_BOOL_CONVERSION = YES;
				CLANG_WARN_CONSTANT_CONVERSION = YES;
				CLANG_WARN_DIRECT_OBJC_ISA_USAGE = YES_ERROR;
				CLANG_WARN_EMPTY_BODY = YES;
				CLANG_WARN_ENUM_CONVERSION = YES;
				CLANG_WARN_INT_CONVERSION = YES;
				CLANG_WARN_OBJC_ROOT_CLASS = YES_ERROR;
				CLANG_WARN_UNREACHABLE_CODE = YES;
				CLANG_WARN__DUPLICATE_METHOD_MATCH = YES;
				"CODE_SIGN_IDENTITY[sdk=iphoneos*]" = "iPhone Developer";
				COPY_PHASE_STRIP = NO;
				DEBUG_INFORMATION_FORMAT = dwarf;
				ENABLE_STRICT_OBJC_MSGSEND = YES;
				ENABLE_TESTABILITY = YES;
				GCC_C_LANGUAGE_STANDARD = gnu99;
				GCC_DYNAMIC_NO_PIC = NO;
				GCC_NO_COMMON_BLOCKS = YES;
				GCC_OPTIMIZATION_LEVEL = 0;
				GCC_PREPROCESSOR_DEFINITIONS = (
					"DEBUG=1",
					"$(inherited)",
				);
				GCC_WARN_64_TO_32_BIT_CONVERSION = YES;
				GCC_WARN_ABOUT_RETURN_TYPE = YES_ERROR;
				GCC_WARN_UNDECLARED_SELECTOR = YES;
				GCC_WARN_UNINITIALIZED_AUTOS = YES_AGGRESSIVE;
				GCC_WARN_UNUSED_FUNCTION = YES;
				GCC_WARN_UNUSED_VARIABLE = YES;
				IPHONEOS_DEPLOYMENT_TARGET = 9.1;
				MTL_ENABLE_DEBUG_INFO = YES;
				ONLY_ACTIVE_ARCH = YES;
				SDKROOT = iphoneos;
				SWIFT_OPTIMIZATION_LEVEL = "-Onone";
			};
			name = Debug;
		};
		F8D6AECF1BDEA9F600FF7165 /* Release */ = {
			isa = XCBuildConfiguration;
			buildSettings = {
				ALWAYS_SEARCH_USER_PATHS = NO;
				CLANG_CXX_LANGUAGE_STANDARD = "gnu++0x";
				CLANG_CXX_LIBRARY = "libc++";
				CLANG_ENABLE_MODULES = YES;
				CLANG_ENABLE_OBJC_ARC = YES;
				CLANG_WARN_BOOL_CONVERSION = YES;
				CLANG_WARN_CONSTANT_CONVERSION = YES;
				CLANG_WARN_DIRECT_OBJC_ISA_USAGE = YES_ERROR;
				CLANG_WARN_EMPTY_BODY = YES;
				CLANG_WARN_ENUM_CONVERSION = YES;
				CLANG_WARN_INT_CONVERSION = YES;
				CLANG_WARN_OBJC_ROOT_CLASS = YES_ERROR;
				CLANG_WARN_UNREACHABLE_CODE = YES;
				CLANG_WARN__DUPLICATE_METHOD_MATCH = YES;
				"CODE_SIGN_IDENTITY[sdk=iphoneos*]" = "iPhone Developer";
				COPY_PHASE_STRIP = NO;
				DEBUG_INFORMATION_FORMAT = "dwarf-with-dsym";
				ENABLE_NS_ASSERTIONS = NO;
				ENABLE_STRICT_OBJC_MSGSEND = YES;
				GCC_C_LANGUAGE_STANDARD = gnu99;
				GCC_NO_COMMON_BLOCKS = YES;
				GCC_WARN_64_TO_32_BIT_CONVERSION = YES;
				GCC_WARN_ABOUT_RETURN_TYPE = YES_ERROR;
				GCC_WARN_UNDECLARED_SELECTOR = YES;
				GCC_WARN_UNINITIALIZED_AUTOS = YES_AGGRESSIVE;
				GCC_WARN_UNUSED_FUNCTION = YES;
				GCC_WARN_UNUSED_VARIABLE = YES;
				IPHONEOS_DEPLOYMENT_TARGET = 9.1;
				MTL_ENABLE_DEBUG_INFO = NO;
				SDKROOT = iphoneos;
				VALIDATE_PRODUCT = YES;
			};
			name = Release;
		};
		F8D6AED11BDEA9F600FF7165 /* Debug */ = {
			isa = XCBuildConfiguration;
			buildSettings = {
				ASSETCATALOG_COMPILER_APPICON_NAME = AppIcon;
				CODE_SIGN_IDENTITY = "iPhone Developer";
				"CODE_SIGN_IDENTITY[sdk=iphoneos*]" = "iPhone Developer";
				INFOPLIST_FILE = recipeApplication/Info.plist;
				IPHONEOS_DEPLOYMENT_TARGET = 9.1;
				LD_RUNPATH_SEARCH_PATHS = "$(inherited) @executable_path/Frameworks";
				PRODUCT_BUNDLE_IDENTIFIER = mobDevL.recipeApplication;
				PRODUCT_NAME = "$(TARGET_NAME)";
				PROVISIONING_PROFILE = "";
			};
			name = Debug;
		};
		F8D6AED21BDEA9F600FF7165 /* Release */ = {
			isa = XCBuildConfiguration;
			buildSettings = {
				ASSETCATALOG_COMPILER_APPICON_NAME = AppIcon;
				CODE_SIGN_IDENTITY = "iPhone Developer";
				"CODE_SIGN_IDENTITY[sdk=iphoneos*]" = "iPhone Developer";
				INFOPLIST_FILE = recipeApplication/Info.plist;
				IPHONEOS_DEPLOYMENT_TARGET = 9.1;
				LD_RUNPATH_SEARCH_PATHS = "$(inherited) @executable_path/Frameworks";
				PRODUCT_BUNDLE_IDENTIFIER = mobDevL.recipeApplication;
				PRODUCT_NAME = "$(TARGET_NAME)";
				PROVISIONING_PROFILE = "";
			};
			name = Release;
		};
		F8D6AED41BDEA9F600FF7165 /* Debug */ = {
			isa = XCBuildConfiguration;
			buildSettings = {
				BUNDLE_LOADER = "$(TEST_HOST)";
				INFOPLIST_FILE = recipeApplicationTests/Info.plist;
				LD_RUNPATH_SEARCH_PATHS = "$(inherited) @executable_path/Frameworks @loader_path/Frameworks";
				PRODUCT_BUNDLE_IDENTIFIER = mobDevL.recipeApplicationTests;
				PRODUCT_NAME = "$(TARGET_NAME)";
				TEST_HOST = "$(BUILT_PRODUCTS_DIR)/recipeApplication.app/recipeApplication";
			};
			name = Debug;
		};
		F8D6AED51BDEA9F600FF7165 /* Release */ = {
			isa = XCBuildConfiguration;
			buildSettings = {
				BUNDLE_LOADER = "$(TEST_HOST)";
				INFOPLIST_FILE = recipeApplicationTests/Info.plist;
				LD_RUNPATH_SEARCH_PATHS = "$(inherited) @executable_path/Frameworks @loader_path/Frameworks";
				PRODUCT_BUNDLE_IDENTIFIER = mobDevL.recipeApplicationTests;
				PRODUCT_NAME = "$(TARGET_NAME)";
				TEST_HOST = "$(BUILT_PRODUCTS_DIR)/recipeApplication.app/recipeApplication";
			};
			name = Release;
		};
		F8D6AED71BDEA9F600FF7165 /* Debug */ = {
			isa = XCBuildConfiguration;
			buildSettings = {
				INFOPLIST_FILE = recipeApplicationUITests/Info.plist;
				LD_RUNPATH_SEARCH_PATHS = "$(inherited) @executable_path/Frameworks @loader_path/Frameworks";
				PRODUCT_BUNDLE_IDENTIFIER = mobDevL.recipeApplicationUITests;
				PRODUCT_NAME = "$(TARGET_NAME)";
				TEST_TARGET_NAME = recipeApplication;
				USES_XCTRUNNER = YES;
			};
			name = Debug;
		};
		F8D6AED81BDEA9F600FF7165 /* Release */ = {
			isa = XCBuildConfiguration;
			buildSettings = {
				INFOPLIST_FILE = recipeApplicationUITests/Info.plist;
				LD_RUNPATH_SEARCH_PATHS = "$(inherited) @executable_path/Frameworks @loader_path/Frameworks";
				PRODUCT_BUNDLE_IDENTIFIER = mobDevL.recipeApplicationUITests;
				PRODUCT_NAME = "$(TARGET_NAME)";
				TEST_TARGET_NAME = recipeApplication;
				USES_XCTRUNNER = YES;
			};
			name = Release;
		};
/* End XCBuildConfiguration section */

/* Begin XCConfigurationList section */
		F8D6AEA31BDEA9F600FF7165 /* Build configuration list for PBXProject "recipeApplication" */ = {
			isa = XCConfigurationList;
			buildConfigurations = (
				F8D6AECE1BDEA9F600FF7165 /* Debug */,
				F8D6AECF1BDEA9F600FF7165 /* Release */,
			);
			defaultConfigurationIsVisible = 0;
			defaultConfigurationName = Release;
		};
		F8D6AED01BDEA9F600FF7165 /* Build configuration list for PBXNativeTarget "recipeApplication" */ = {
			isa = XCConfigurationList;
			buildConfigurations = (
				F8D6AED11BDEA9F600FF7165 /* Debug */,
				F8D6AED21BDEA9F600FF7165 /* Release */,
			);
			defaultConfigurationIsVisible = 0;
			defaultConfigurationName = Release;
		};
		F8D6AED31BDEA9F600FF7165 /* Build configuration list for PBXNativeTarget "recipeApplicationTests" */ = {
			isa = XCConfigurationList;
			buildConfigurations = (
				F8D6AED41BDEA9F600FF7165 /* Debug */,
				F8D6AED51BDEA9F600FF7165 /* Release */,
			);
			defaultConfigurationIsVisible = 0;
			defaultConfigurationName = Release;
		};
		F8D6AED61BDEA9F600FF7165 /* Build configuration list for PBXNativeTarget "recipeApplicationUITests" */ = {
			isa = XCConfigurationList;
			buildConfigurations = (
				F8D6AED71BDEA9F600FF7165 /* Debug */,
				F8D6AED81BDEA9F600FF7165 /* Release */,
			);
			defaultConfigurationIsVisible = 0;
			defaultConfigurationName = Release;
		};
/* End XCConfigurationList section */
	};
	rootObject = F8D6AEA01BDEA9F600FF7165 /* Project object */;
}
